<?xml version="1.0" encoding="utf-8"?>
<Project ToolsVersion="4.0" xmlns="http://schemas.microsoft.com/developer/msbuild/2003">
  <ItemGroup>
    <ClCompile Include="main.cpp" />
    <ClCompile Include="ChaseComponent.cpp">
      <Filter>Enemigos\Source</Filter>
    </ClCompile>
    <ClCompile Include="Component.cpp">
      <Filter>Arquitectura\Source</Filter>
    </ClCompile>
    <ClCompile Include="GameObject.cpp">
      <Filter>Arquitectura\Source</Filter>
    </ClCompile>
    <ClCompile Include="Font.cpp">
      <Filter>Arquitectura\Source</Filter>
    </ClCompile>
    <ClCompile Include="InputComponent.cpp">
      <Filter>Arquitectura\Source</Filter>
    </ClCompile>
    <ClCompile Include="miniz.c">
      <Filter>Arquitectura\Source</Filter>
    </ClCompile>
    <ClCompile Include="RenderComponent.cpp">
      <Filter>Arquitectura\Source</Filter>
    </ClCompile>
    <ClCompile Include="Texture.cpp">
      <Filter>Arquitectura\Source</Filter>
    </ClCompile>
    <ClCompile Include="tinyxml2.cpp">
      <Filter>Arquitectura\Source</Filter>
    </ClCompile>
    <ClCompile Include="UpdateComponent.cpp">
      <Filter>Arquitectura\Source</Filter>
    </ClCompile>
    <ClCompile Include="Vector2D.cpp">
      <Filter>Arquitectura\Source</Filter>
    </ClCompile>
    <ClCompile Include="SkeletonRenderer.cpp">
      <Filter>RenderComponents</Filter>
    </ClCompile>
    <ClCompile Include="Camera.cpp">
      <Filter>RenderComponents</Filter>
    </ClCompile>
    <ClCompile Include="Enemy.cpp">
      <Filter>Enemigos\Source</Filter>
    </ClCompile>
    <ClCompile Include="EnemyManager.cpp">
      <Filter>Enemigos\Source</Filter>
    </ClCompile>
    <ClCompile Include="ExampleEnemy.cpp">
      <Filter>Enemigos\Source</Filter>
    </ClCompile>
    <ClCompile Include="GunnerComponent.cpp">
      <Filter>Enemigos\Source</Filter>
    </ClCompile>
    <ClCompile Include="DungeonGenerator.cpp">
      <Filter>Mapa\Source</Filter>
    </ClCompile>
    <ClCompile Include="Layer.cpp">
      <Filter>Mapa\Source</Filter>
    </ClCompile>
    <ClCompile Include="LevelParser.cpp">
      <Filter>Mapa\Source</Filter>
    </ClCompile>
    <ClCompile Include="Map.cpp">
      <Filter>Mapa\Source</Filter>
    </ClCompile>
    <ClCompile Include="Room.cpp">
      <Filter>Mapa\Source</Filter>
    </ClCompile>
    <ClCompile Include="TileLayer.cpp">
      <Filter>Mapa\Source</Filter>
    </ClCompile>
    <ClCompile Include="Tileset.cpp">
      <Filter>Mapa\Source</Filter>
    </ClCompile>
    <ClCompile Include="Animation.cpp">
      <Filter>Arquitectura\Source</Filter>
    </ClCompile>
    <ClCompile Include="AnimationFrame.cpp">
      <Filter>Arquitectura\Source</Filter>
    </ClCompile>
    <ClCompile Include="CollisionHandler.cpp">
      <Filter>Arquitectura\Source</Filter>
    </ClCompile>
    <ClCompile Include="ComponentContainer.cpp">
      <Filter>Arquitectura\Source</Filter>
    </ClCompile>
    <ClCompile Include="CameraMovementComponent.cpp">
      <Filter>Prota\Source</Filter>
    </ClCompile>
    <ClCompile Include="MainCharacter.cpp">
      <Filter>Prota\Source</Filter>
    </ClCompile>
    <ClCompile Include="MCAnimationComponent.cpp">
      <Filter>Prota\Source</Filter>
    </ClCompile>
    <ClCompile Include="MCBulletComponent.cpp">
      <Filter>Prota\Source</Filter>
    </ClCompile>
    <ClCompile Include="MCBulletRenderComponent.cpp">
      <Filter>Prota\Source</Filter>
    </ClCompile>
    <ClCompile Include="MCShotComponent.cpp">
      <Filter>Prota\Source</Filter>
    </ClCompile>
    <ClCompile Include="MouseIcon.cpp">
      <Filter>Prota\Source</Filter>
    </ClCompile>
    <ClCompile Include="Time.cpp">
      <Filter>Arquitectura\Source</Filter>
    </ClCompile>
    <ClCompile Include="Timer.cpp">
      <Filter>Arquitectura\Source</Filter>
    </ClCompile>
    <ClCompile Include="Bullet.cpp">
      <Filter>UpdateComponent\Source</Filter>
    </ClCompile>
    <ClCompile Include="GunnerBulletComponent.cpp">
      <Filter>Enemigos\Source</Filter>
    </ClCompile>
    <ClCompile Include="GunnerBulletRenderComponent.cpp">
      <Filter>Enemigos\Source</Filter>
    </ClCompile>
    <ClCompile Include="GunnerShotComponent.cpp">
      <Filter>Enemigos\Source</Filter>
    </ClCompile>
    <ClCompile Include="ExampleRender.cpp">
      <Filter>Enemigos\Source</Filter>
    </ClCompile>
    <ClCompile Include="EnemyStalker.cpp">
      <Filter>Enemigos\Source</Filter>
    </ClCompile>
    <ClCompile Include="EnemyGunner.cpp">
      <Filter>Enemigos\Source</Filter>
    </ClCompile>
    <ClCompile Include="MCAttackComponent.cpp">
      <Filter>Prota\Source</Filter>
    </ClCompile>
    <ClCompile Include="GunnerAnimationComponent.cpp">
      <Filter>Enemigos\Source</Filter>
    </ClCompile>
    <ClCompile Include="StalkerAnimationComponent.cpp">
      <Filter>Enemigos\Source</Filter>
    </ClCompile>
    <ClCompile Include="DamageableEnemyComponent.cpp">
      <Filter>Enemigos\Source</Filter>
    </ClCompile>
    <ClCompile Include="AnimationParser.cpp">
      <Filter>Arquitectura\Source</Filter>
    </ClCompile>
    <ClCompile Include="MCMovementInput.cpp">
      <Filter>Prota\Source</Filter>
    </ClCompile>
    <ClCompile Include="ChargeComponent.cpp">
      <Filter>Enemigos\Source</Filter>
    </ClCompile>
    <ClCompile Include="BasicMovement.cpp">
      <Filter>UpdateComponent\Source</Filter>
    </ClCompile>
    <ClCompile Include="BoxRenderer.cpp">
      <Filter>RenderComponents</Filter>
    </ClCompile>
    <ClCompile Include="KnockbackComponent.cpp">
      <Filter>UpdateComponent\Source</Filter>
    </ClCompile>
    <ClCompile Include="StalkerComponent.cpp">
      <Filter>Enemigos\Source</Filter>
    </ClCompile>
    <ClCompile Include="ChargerComponent.cpp">
      <Filter>Enemigos\Source</Filter>
    </ClCompile>
    <ClCompile Include="EnemyCharger.cpp">
      <Filter>Enemigos\Source</Filter>
    </ClCompile>
    <ClCompile Include="ChargerAnimationComponent.cpp">
      <Filter>Enemigos\Source</Filter>
    </ClCompile>
    <ClCompile Include="Observable.cpp">
      <Filter>Arquitectura\Source</Filter>
    </ClCompile>
    <ClCompile Include="Observer.cpp">
      <Filter>Arquitectura\Source</Filter>
    </ClCompile>
    <ClCompile Include="SimpleAnimationComponent.cpp">
      <Filter>RenderComponents</Filter>
    </ClCompile>
    <ClCompile Include="EnemyTurret.cpp">
      <Filter>Enemigos\Source</Filter>
    </ClCompile>
    <ClCompile Include="TurretShotComponent.cpp">
      <Filter>Enemigos\Source</Filter>
    </ClCompile>
    <ClCompile Include="BulletManager.cpp">
      <Filter>Managers\Source</Filter>
    </ClCompile>
    <ClCompile Include="CollisionsManager.cpp">
      <Filter>Managers\Source</Filter>
    </ClCompile>
    <ClCompile Include="LevelManager.cpp">
      <Filter>Managers\Source</Filter>
    </ClCompile>
    <ClCompile Include="ResourceManager.cpp">
      <Filter>Managers\Source</Filter>
    </ClCompile>
    <ClCompile Include="Minimap.cpp">
      <Filter>Mapa</Filter>
    </ClCompile>
    <ClCompile Include="DoorsCollision.cpp">
      <Filter>Mapa</Filter>
    </ClCompile>
    <ClCompile Include="Door.cpp">
      <Filter>Mapa</Filter>
    </ClCompile>
    <ClCompile Include="LevelExplorer.cpp">
      <Filter>Mapa</Filter>
    </ClCompile>
    <ClCompile Include="Hook.cpp">
      <Filter>Prota\Source</Filter>
    </ClCompile>
    <ClCompile Include="MCHookInputComponent.cpp">
      <Filter>Prota\Source</Filter>
    </ClCompile>
    <ClCompile Include="HookShotComponent.cpp">
      <Filter>Prota\Source</Filter>
    </ClCompile>
    <ClCompile Include="StunComponent.cpp">
      <Filter>UpdateComponent\Source</Filter>
    </ClCompile>
    <ClCompile Include="WallStunComponent.cpp">
      <Filter>UpdateComponent\Source</Filter>
    </ClCompile>
    <ClCompile Include="GameState.cpp">
      <Filter>Estados\Source</Filter>
    </ClCompile>
    <ClCompile Include="GameStateMachine.cpp">
      <Filter>Estados\Source</Filter>
    </ClCompile>
    <ClCompile Include="PlayState.cpp">
      <Filter>Estados\Source</Filter>
    </ClCompile>
    <ClCompile Include="Game.cpp">
      <Filter>Estados\Source</Filter>
    </ClCompile>
    <ClCompile Include="HookCollisionComponent.cpp">
      <Filter>Prota\Source</Filter>
    </ClCompile>
    <ClCompile Include="HookAnimationComponent.cpp">
      <Filter>Prota\Source</Filter>
    </ClCompile>
    <ClCompile Include="CoinManager.cpp">
      <Filter>Managers\Source</Filter>
    </ClCompile>
    <ClCompile Include="MenuButton.cpp">
      <Filter>Estados\Source</Filter>
    </ClCompile>
    <ClCompile Include="ItemManager.cpp">
      <Filter>Managers\Source</Filter>
    </ClCompile>
    <ClCompile Include="DecelerationComponent.cpp">
      <Filter>UpdateComponent\Source</Filter>
    </ClCompile>
    <ClCompile Include="Coin.cpp">
      <Filter>Items</Filter>
    </ClCompile>
    <ClCompile Include="ItemObject.cpp">
      <Filter>Items</Filter>
    </ClCompile>
    <ClCompile Include="GameState.cpp">
      <Filter>Arquitectura\Source</Filter>
    </ClCompile>
    <ClCompile Include="GameStateMachine.cpp">
      <Filter>Arquitectura\Source</Filter>
    </ClCompile>
    <ClCompile Include="MainMenuState.cpp">
      <Filter>Arquitectura\Source</Filter>
    </ClCompile>
    <ClCompile Include="Random.cpp">
      <Filter>Arquitectura\Source</Filter>
    </ClCompile>
    <ClCompile Include="TextureParser.cpp">
      <Filter>Arquitectura\Source</Filter>
    </ClCompile>
    <ClCompile Include="GameStateMachine.cpp">
      <Filter>Estados\Source</Filter>
    </ClCompile>
    <ClCompile Include="GameState.cpp">
      <Filter>Estados\Source</Filter>
    </ClCompile>
    <ClCompile Include="MainMenuState.cpp">
      <Filter>Estados\Source</Filter>
    </ClCompile>
    <ClCompile Include="PlayState.cpp">
      <Filter>Estados\Source</Filter>
    </ClCompile>
    <ClCompile Include="Game.cpp">
      <Filter>Estados\Source</Filter>
    </ClCompile>
    <ClCompile Include="BulletAnimationComponent.cpp" />
    <ClCompile Include="PlayState.cpp">
      <Filter>Estados\Source</Filter>
    </ClCompile>
    <ClCompile Include="Game.cpp">
      <Filter>Estados\Source</Filter>
    </ClCompile>
    <ClCompile Include="Particle.cpp">
      <Filter>Arquitectura\Source</Filter>
    </ClCompile>
    <ClCompile Include="ReloadComponent.cpp" />
    <ClCompile Include="HUDManager.cpp" />
    <ClCompile Include="HUDObject.cpp" />
    <ClCompile Include="DialogObject.cpp" />
    <ClCompile Include="DialogsState.cpp">
      <Filter>Estados\Source</Filter>
    </ClCompile>
    <ClCompile Include="Button.cpp" />
    <ClCompile Include="Shop.cpp" />
    <ClCompile Include="SkillTree.cpp" />
    <ClCompile Include="ShopState.cpp" />
    <ClCompile Include="UpperGameState.cpp">
      <Filter>Estados\Source</Filter>
    </ClCompile>
    <ClCompile Include="TurretAnimationComponent.cpp">
      <Filter>Enemigos\Source</Filter>
    </ClCompile>
    <ClCompile Include="MasterBoss.cpp">
      <Filter>Bosses</Filter>
    </ClCompile>
    <ClCompile Include="Boss.cpp">
      <Filter>Bosses\Boss1</Filter>
    </ClCompile>
    <ClCompile Include="ParticlesManager.cpp">
      <Filter>Managers\Source</Filter>
    </ClCompile>
    <ClCompile Include="MCManagerComponent.cpp">
      <Filter>Prota\Source</Filter>
    </ClCompile>
    <ClCompile Include="ShopBox.cpp" />
    <ClCompile Include="ChargerDamageableEnemyComponent.cpp">
      <Filter>UpdateComponent\Source</Filter>
    </ClCompile>
    <ClCompile Include="RenderBoss.cpp">
      <Filter>Bosses\Boss1</Filter>
    </ClCompile>
    <ClCompile Include="UpdateBoss.cpp">
      <Filter>Bosses\Boss1</Filter>
    </ClCompile>
    <ClCompile Include="Boss2.cpp">
      <Filter>Bosses\Boss2</Filter>
    </ClCompile>
    <ClCompile Include="UpdateBoss2.cpp">
      <Filter>Bosses\Boss2</Filter>
    </ClCompile>
    <ClCompile Include="RenderBoss2.cpp">
      <Filter>Bosses\Boss2</Filter>
    </ClCompile>
    <ClCompile Include="MCGunPosition.cpp">
      <Filter>Prota\Source</Filter>
    </ClCompile>
    <ClCompile Include="BomberComponent.cpp">
      <Filter>Enemigos\Source</Filter>
    </ClCompile>
    <ClCompile Include="DamageableBossComponent.cpp">
      <Filter>Bosses</Filter>
    </ClCompile>
    <ClCompile Include="UpdateWheel.cpp">
      <Filter>Bosses\WheelEnemy</Filter>
    </ClCompile>
    <ClCompile Include="EnemyBomb.cpp">
      <Filter>Enemigos\Source</Filter>
    </ClCompile>
    <ClCompile Include="BombComponent.cpp">
      <Filter>Enemigos\Source</Filter>
    </ClCompile>
    <ClCompile Include="MCChargedAttackComponent.cpp">
      <Filter>Prota\Source</Filter>
    </ClCompile>
    <ClCompile Include="BomberAnimationComponent.cpp">
      <Filter>Enemigos\Source</Filter>
    </ClCompile>
    <ClCompile Include="EnemyBomber.cpp">
      <Filter>Enemigos\Source</Filter>
    </ClCompile>
    <ClCompile Include="BomberShotComponent.cpp">
      <Filter>Enemigos\Source</Filter>
    </ClCompile>
    <ClCompile Include="MCUltimateInput.cpp">
      <Filter>Prota\Source</Filter>
    </ClCompile>
    <ClCompile Include="EnemyHUDComponent.cpp" />
    <ClCompile Include="BossHUDComponent.cpp" />
    <ClCompile Include="MCUltimateCharge.cpp" />
    <ClCompile Include="ParticleAnimation.cpp" />
    <ClCompile Include="LastResortComponent.cpp" />
    <ClCompile Include="BombAnimationComponent.cpp">
      <Filter>Enemigos\Source</Filter>
    </ClCompile>
    <ClCompile Include="Music.cpp">
      <Filter>Arquitectura\Source</Filter>
    </ClCompile>
    <ClCompile Include="SoundEffect.cpp">
      <Filter>Arquitectura\Source</Filter>
    </ClCompile>
    <ClCompile Include="PressToInteract.cpp" />
    <ClCompile Include="ShopInput.cpp" />
    <ClCompile Include="Boss3.cpp">
      <Filter>Bosses\Boss3</Filter>
    </ClCompile>
    <ClCompile Include="RenderBoss3.cpp">
      <Filter>Bosses\Boss3</Filter>
    </ClCompile>
    <ClCompile Include="UpdateBoss3.cpp">
      <Filter>Bosses\Boss3</Filter>
    </ClCompile>
    <ClCompile Include="GameOverState.cpp">
      <Filter>Estados\Source</Filter>
    </ClCompile>
    <ClCompile Include="MainMenuState.cpp">
      <Filter>Estados\Source</Filter>
    </ClCompile>
    <ClCompile Include="PauseState.cpp">
      <Filter>Estados\Source</Filter>
    </ClCompile>
    <ClCompile Include="TextTrigger.cpp" />
    <ClCompile Include="EnemyBossBomb.cpp">
      <Filter>Enemigos\Source</Filter>
    </ClCompile>
    <ClCompile Include="BossBombAnimationComponent.cpp">
      <Filter>Enemigos\Source</Filter>
    </ClCompile>
    <ClCompile Include="BossBombComponent.cpp">
      <Filter>Enemigos\Source</Filter>
    </ClCompile>
    <ClCompile Include="AcidDeathComponent.cpp" />
<<<<<<< HEAD
    <ClCompile Include="Final.cpp" />
=======
    <ClCompile Include="Wheel.cpp">
      <Filter>Bosses\WheelEnemy</Filter>
    </ClCompile>
    <ClCompile Include="RenderWheel.cpp">
      <Filter>Bosses\WheelEnemy</Filter>
    </ClCompile>
    <ClCompile Include="Wave.cpp">
      <Filter>Bosses\Wave</Filter>
    </ClCompile>
    <ClCompile Include="WaveAnimationComponent.cpp">
      <Filter>Bosses\Wave</Filter>
    </ClCompile>
>>>>>>> 2d29be86b704c934b5bc7b5a17d387c86d468e9b
  </ItemGroup>
  <ItemGroup>
    <ClInclude Include="ChaseComponent.h">
      <Filter>Enemigos\Header</Filter>
    </ClInclude>
    <ClInclude Include="Component.h">
      <Filter>Arquitectura\Header</Filter>
    </ClInclude>
    <ClInclude Include="Base64.h">
      <Filter>Arquitectura\Header</Filter>
    </ClInclude>
    <ClInclude Include="GameObject.h">
      <Filter>Arquitectura\Header</Filter>
    </ClInclude>
    <ClInclude Include="Font.h">
      <Filter>Arquitectura\Header</Filter>
    </ClInclude>
    <ClInclude Include="InputComponent.h">
      <Filter>Arquitectura\Header</Filter>
    </ClInclude>
    <ClInclude Include="miniz.h">
      <Filter>Arquitectura\Header</Filter>
    </ClInclude>
    <ClInclude Include="RenderComponent.h">
      <Filter>Arquitectura\Header</Filter>
    </ClInclude>
    <ClInclude Include="sdl_includes.h">
      <Filter>Arquitectura\Header</Filter>
    </ClInclude>
    <ClInclude Include="Texture.h">
      <Filter>Arquitectura\Header</Filter>
    </ClInclude>
    <ClInclude Include="Transform.h">
      <Filter>Arquitectura\Header</Filter>
    </ClInclude>
    <ClInclude Include="UpdateComponent.h">
      <Filter>Arquitectura\Header</Filter>
    </ClInclude>
    <ClInclude Include="Vector2D.h">
      <Filter>Arquitectura\Header</Filter>
    </ClInclude>
    <ClInclude Include="SkeletonRenderer.h">
      <Filter>RenderComponents</Filter>
    </ClInclude>
    <ClInclude Include="Camera.h">
      <Filter>RenderComponents</Filter>
    </ClInclude>
    <ClInclude Include="Game.h">
      <Filter>Estados\Header</Filter>
    </ClInclude>
    <ClInclude Include="GameState.h">
      <Filter>Estados\Header</Filter>
    </ClInclude>
    <ClInclude Include="GameStateMachine.h">
      <Filter>Estados\Header</Filter>
    </ClInclude>
    <ClInclude Include="PlayState.h">
      <Filter>Estados\Header</Filter>
    </ClInclude>
    <ClInclude Include="Enemy.h">
      <Filter>Enemigos\Header</Filter>
    </ClInclude>
    <ClInclude Include="ExampleEnemy.h">
      <Filter>Enemigos\Header</Filter>
    </ClInclude>
    <ClInclude Include="GunnerComponent.h">
      <Filter>Enemigos\Header</Filter>
    </ClInclude>
    <ClInclude Include="DungeonGenerator.h">
      <Filter>Mapa\Header</Filter>
    </ClInclude>
    <ClInclude Include="Layer.h">
      <Filter>Mapa\Header</Filter>
    </ClInclude>
    <ClInclude Include="LevelParser.h">
      <Filter>Mapa\Header</Filter>
    </ClInclude>
    <ClInclude Include="Map.h">
      <Filter>Mapa\Header</Filter>
    </ClInclude>
    <ClInclude Include="Room.h">
      <Filter>Mapa\Header</Filter>
    </ClInclude>
    <ClInclude Include="TileLayer.h">
      <Filter>Mapa\Header</Filter>
    </ClInclude>
    <ClInclude Include="Tileset.h">
      <Filter>Mapa\Header</Filter>
    </ClInclude>
    <ClInclude Include="Animation.h">
      <Filter>Arquitectura\Header</Filter>
    </ClInclude>
    <ClInclude Include="AnimationFrame.h">
      <Filter>Arquitectura\Header</Filter>
    </ClInclude>
    <ClInclude Include="CollisionHandler.h">
      <Filter>Arquitectura\Header</Filter>
    </ClInclude>
    <ClInclude Include="ComponentContainer.h">
      <Filter>Arquitectura\Header</Filter>
    </ClInclude>
    <ClInclude Include="CameraMovementComponent.h">
      <Filter>Prota\Header</Filter>
    </ClInclude>
    <ClInclude Include="MainCharacter.h">
      <Filter>Prota\Header</Filter>
    </ClInclude>
    <ClInclude Include="MCAnimationComponent.h">
      <Filter>Prota\Header</Filter>
    </ClInclude>
    <ClInclude Include="MCBulletComponent.h">
      <Filter>Prota\Header</Filter>
    </ClInclude>
    <ClInclude Include="MCBulletRenderComponent.h">
      <Filter>Prota\Header</Filter>
    </ClInclude>
    <ClInclude Include="MCShotComponent.h">
      <Filter>Prota\Header</Filter>
    </ClInclude>
    <ClInclude Include="MouseIcon.h">
      <Filter>Prota\Header</Filter>
    </ClInclude>
    <ClInclude Include="Time.h">
      <Filter>Arquitectura\Header</Filter>
    </ClInclude>
    <ClInclude Include="Timer.h">
      <Filter>Arquitectura\Header</Filter>
    </ClInclude>
    <ClInclude Include="Bullet.h">
      <Filter>UpdateComponent\Header</Filter>
    </ClInclude>
    <ClInclude Include="GunnerBulletComponent.h">
      <Filter>Enemigos\Header</Filter>
    </ClInclude>
    <ClInclude Include="GunnerBulletRenderComponent.h">
      <Filter>Enemigos\Header</Filter>
    </ClInclude>
    <ClInclude Include="GunnerShotComponent.h">
      <Filter>Enemigos\Header</Filter>
    </ClInclude>
    <ClInclude Include="ExampleRender.h">
      <Filter>Enemigos\Header</Filter>
    </ClInclude>
    <ClInclude Include="EnemyStalker.h">
      <Filter>Enemigos\Header</Filter>
    </ClInclude>
    <ClInclude Include="EnemyGunner.h">
      <Filter>Enemigos\Header</Filter>
    </ClInclude>
    <ClInclude Include="MCAttackComponent.h">
      <Filter>Prota\Header</Filter>
    </ClInclude>
    <ClInclude Include="GunnerAnimationComponent.h">
      <Filter>Enemigos\Header</Filter>
    </ClInclude>
    <ClInclude Include="StalkerAnimationComponent.h">
      <Filter>Enemigos\Header</Filter>
    </ClInclude>
    <ClInclude Include="DamageableEnemyComponent.h">
      <Filter>Enemigos\Header</Filter>
    </ClInclude>
    <ClInclude Include="AnimationParser.h">
      <Filter>Arquitectura\Header</Filter>
    </ClInclude>
    <ClInclude Include="MCMovementInput.h">
      <Filter>Prota\Header</Filter>
    </ClInclude>
    <ClInclude Include="Managers.h">
      <Filter>Includes</Filter>
    </ClInclude>
    <ClInclude Include="BasicObject.h">
      <Filter>Includes</Filter>
    </ClInclude>
    <ClInclude Include="Minimap.h" />
    <ClInclude Include="BasicMovement.h">
      <Filter>UpdateComponent\Header</Filter>
    </ClInclude>
    <ClInclude Include="BoxRenderer.h">
      <Filter>RenderComponents</Filter>
    </ClInclude>
    <ClInclude Include="KnockbackComponent.h">
      <Filter>UpdateComponent\Header</Filter>
    </ClInclude>
    <ClInclude Include="StalkerComponent.h">
      <Filter>Enemigos\Header</Filter>
    </ClInclude>
    <ClInclude Include="ChargeComponent.h">
      <Filter>Enemigos\Header</Filter>
    </ClInclude>
    <ClInclude Include="ChargerComponent.h">
      <Filter>Enemigos\Header</Filter>
    </ClInclude>
    <ClInclude Include="EnemyCharger.h">
      <Filter>Enemigos\Header</Filter>
    </ClInclude>
    <ClInclude Include="ChargerAnimationComponent.h">
      <Filter>Enemigos\Header</Filter>
    </ClInclude>
    <ClInclude Include="Message.h">
      <Filter>Arquitectura\Header</Filter>
    </ClInclude>
    <ClInclude Include="Observable.h">
      <Filter>Arquitectura\Header</Filter>
    </ClInclude>
    <ClInclude Include="Observer.h">
      <Filter>Arquitectura\Header</Filter>
    </ClInclude>
    <ClInclude Include="SimpleAnimationComponent.h">
      <Filter>RenderComponents</Filter>
    </ClInclude>
    <ClInclude Include="EnemyTurret.h">
      <Filter>Enemigos\Header</Filter>
    </ClInclude>
    <ClInclude Include="TurretShotComponent.h">
      <Filter>Enemigos\Header</Filter>
    </ClInclude>
    <ClInclude Include="BulletManager.h">
      <Filter>Managers\Header</Filter>
    </ClInclude>
    <ClInclude Include="CollisionsManager.h">
      <Filter>Managers\Header</Filter>
    </ClInclude>
    <ClInclude Include="LevelManager.h">
      <Filter>Managers\Header</Filter>
    </ClInclude>
    <ClInclude Include="ResourceManager.h">
      <Filter>Managers\Header</Filter>
    </ClInclude>
    <ClInclude Include="DoorsCollision.h">
      <Filter>Mapa</Filter>
    </ClInclude>
    <ClInclude Include="Door.h">
      <Filter>Mapa</Filter>
    </ClInclude>
    <ClInclude Include="LevelExplorer.h">
      <Filter>Mapa</Filter>
    </ClInclude>
    <ClInclude Include="Hook.h">
      <Filter>Prota\Header</Filter>
    </ClInclude>
    <ClInclude Include="MCHookInputComponent.h">
      <Filter>Prota\Header</Filter>
    </ClInclude>
    <ClInclude Include="HookShotComponent.h">
      <Filter>Prota\Header</Filter>
    </ClInclude>
    <ClInclude Include="StunComponent.h">
      <Filter>UpdateComponent\Header</Filter>
    </ClInclude>
    <ClInclude Include="WallStunComponent.h">
      <Filter>UpdateComponent\Header</Filter>
    </ClInclude>
    <ClInclude Include="HookAnimationComponent.h">
      <Filter>Prota\Header</Filter>
    </ClInclude>
    <ClInclude Include="HookCollisionComponent.h">
      <Filter>Prota\Header</Filter>
    </ClInclude>
    <ClInclude Include="CoinManager.h">
      <Filter>Managers\Header</Filter>
    </ClInclude>
    <ClInclude Include="MenuButton.h">
      <Filter>Estados\Header</Filter>
    </ClInclude>
    <ClInclude Include="DecelerationComponent.h">
      <Filter>UpdateComponent\Header</Filter>
    </ClInclude>
    <ClInclude Include="Coin.h">
      <Filter>Items</Filter>
    </ClInclude>
    <ClInclude Include="ItemObject.h">
      <Filter>Items</Filter>
    </ClInclude>
    <ClInclude Include="TextureParser.h">
      <Filter>Arquitectura</Filter>
    </ClInclude>
    <ClInclude Include="Random.h">
      <Filter>Arquitectura\Header</Filter>
    </ClInclude>
    <ClInclude Include="BulletAnimationComponent.h" />
    <ClInclude Include="Particle.h">
      <Filter>Arquitectura\Header</Filter>
    </ClInclude>
    <ClInclude Include="ReloadComponent.h" />
    <ClInclude Include="HUDManager.h" />
    <ClInclude Include="HUDObject.h" />
    <ClInclude Include="DialogObject.h" />
    <ClInclude Include="UpperGameState.h">
      <Filter>Estados\Header</Filter>
    </ClInclude>
    <ClInclude Include="DialogsState.h">
      <Filter>Estados\Header</Filter>
    </ClInclude>
    <ClInclude Include="TurretAnimationComponent.h">
      <Filter>Enemigos\Header</Filter>
    </ClInclude>
    <ClInclude Include="MasterBoss.h">
      <Filter>Bosses</Filter>
    </ClInclude>
    <ClInclude Include="Boss.h">
      <Filter>Bosses\Boss1</Filter>
    </ClInclude>
    <ClInclude Include="ParticlesManager.h">
      <Filter>Managers\Header</Filter>
    </ClInclude>
    <ClInclude Include="MCManagerComponent.h">
      <Filter>Prota\Header</Filter>
    </ClInclude>
    <ClInclude Include="resource.h" />
    <ClInclude Include="Button.h" />
    <ClInclude Include="Shop.h" />
    <ClInclude Include="ShopBox.h" />
    <ClInclude Include="ShopState.h" />
    <ClInclude Include="SkillTree.h" />
    <ClInclude Include="RenderBoss.h">
      <Filter>Bosses\Boss1</Filter>
    </ClInclude>
    <ClInclude Include="UpdateBoss.h">
      <Filter>Bosses\Boss1</Filter>
    </ClInclude>
    <ClInclude Include="Boss2.h">
      <Filter>Bosses\Boss2</Filter>
    </ClInclude>
    <ClInclude Include="UpdateBoss2.h">
      <Filter>Bosses\Boss2</Filter>
    </ClInclude>
    <ClInclude Include="RenderBoss2.h">
      <Filter>Bosses\Boss2</Filter>
    </ClInclude>
    <ClInclude Include="MCGunPosition.h">
      <Filter>Prota\Header</Filter>
    </ClInclude>
    <ClInclude Include="BomberComponent.h">
      <Filter>Enemigos\Header</Filter>
    </ClInclude>
    <ClInclude Include="DamageableBossComponent.h">
      <Filter>Bosses</Filter>
    </ClInclude>
    <ClInclude Include="Wheel.h">
      <Filter>Bosses\WheelEnemy</Filter>
    </ClInclude>
    <ClInclude Include="UpdateWheel.h">
      <Filter>Bosses\WheelEnemy</Filter>
    </ClInclude>
    <ClInclude Include="EnemyBomb.h">
      <Filter>Enemigos\Header</Filter>
    </ClInclude>
    <ClInclude Include="EnemyManager.h">
      <Filter>Enemigos\Header</Filter>
    </ClInclude>
    <ClInclude Include="BombComponent.h">
      <Filter>Enemigos\Header</Filter>
    </ClInclude>
    <ClInclude Include="MCChargedAttackComponent.h">
      <Filter>Prota\Header</Filter>
    </ClInclude>
    <ClInclude Include="BomberAnimationComponent.h">
      <Filter>Enemigos\Header</Filter>
    </ClInclude>
    <ClInclude Include="EnemyBomber.h">
      <Filter>Enemigos\Header</Filter>
    </ClInclude>
    <ClInclude Include="BomberShotComponent.h">
      <Filter>Enemigos\Header</Filter>
    </ClInclude>
    <ClInclude Include="MCUltimateInput.h">
      <Filter>Prota\Header</Filter>
    </ClInclude>
    <ClInclude Include="ChargerDamageableEnemyComponent.h">
      <Filter>Enemigos\Header</Filter>
    </ClInclude>
    <ClInclude Include="EnemyHUDComponent.h" />
    <ClInclude Include="BossHUDComponent.h" />
    <ClInclude Include="MCUltimateCharge.h" />
    <ClInclude Include="ParticleAnimation.h" />
    <ClInclude Include="LastResortComponent.h" />
    <ClInclude Include="BombAnimationComponent.h">
      <Filter>Enemigos\Header</Filter>
    </ClInclude>
    <ClInclude Include="Music.h">
      <Filter>Arquitectura\Header</Filter>
    </ClInclude>
    <ClInclude Include="SoundEffect.h">
      <Filter>Arquitectura\Header</Filter>
    </ClInclude>
    <ClInclude Include="SDL_mixer.h">
      <Filter>Arquitectura\Header</Filter>
    </ClInclude>
    <ClInclude Include="PressToInteract.h" />
    <ClInclude Include="ShopInput.h" />
    <ClInclude Include="Boss3.h">
      <Filter>Bosses\Boss3</Filter>
    </ClInclude>
    <ClInclude Include="RenderBoss3.h">
      <Filter>Bosses\Boss3</Filter>
    </ClInclude>
    <ClInclude Include="UpdateBoss3.h">
      <Filter>Bosses\Boss3</Filter>
    </ClInclude>
    <ClInclude Include="GameOverState.h">
      <Filter>Estados\Header</Filter>
    </ClInclude>
    <ClInclude Include="MainMenuState.h">
      <Filter>Estados\Header</Filter>
    </ClInclude>
    <ClInclude Include="PauseState.h">
      <Filter>Estados\Header</Filter>
    </ClInclude>
    <ClInclude Include="TextTrigger.h" />
    <ClInclude Include="checkML.h">
      <Filter>Arquitectura\Header</Filter>
    </ClInclude>
    <ClInclude Include="EnemyBossBomb.h">
      <Filter>Enemigos\Header</Filter>
    </ClInclude>
    <ClInclude Include="BossBombAnimationComponent.h">
      <Filter>Enemigos\Header</Filter>
    </ClInclude>
    <ClInclude Include="BossBombComponent.h">
      <Filter>Enemigos\Header</Filter>
    </ClInclude>
    <ClInclude Include="AcidDeathComponent.h" />
<<<<<<< HEAD
    <ClInclude Include="Final.h" />
=======
    <ClInclude Include="RenderWheel.h" />
    <ClInclude Include="Wave.h">
      <Filter>Bosses\Wave</Filter>
    </ClInclude>
    <ClInclude Include="WaveAnimationComponent.h">
      <Filter>Bosses\Wave</Filter>
    </ClInclude>
>>>>>>> 2d29be86b704c934b5bc7b5a17d387c86d468e9b
  </ItemGroup>
  <ItemGroup>
    <Filter Include="Prota">
      <UniqueIdentifier>{2bf338b6-a71c-4872-9a27-85efde50556a}</UniqueIdentifier>
    </Filter>
    <Filter Include="Arquitectura">
      <UniqueIdentifier>{eee09b53-4fec-4fa1-9af7-ee0c7281989b}</UniqueIdentifier>
    </Filter>
    <Filter Include="Mapa">
      <UniqueIdentifier>{44da0b59-eaa2-4b69-8c48-0da8293f93e8}</UniqueIdentifier>
    </Filter>
    <Filter Include="Enemigos">
      <UniqueIdentifier>{d634fabc-49d8-49dd-900f-66fad4913184}</UniqueIdentifier>
    </Filter>
    <Filter Include="Estados">
      <UniqueIdentifier>{7bd1a841-7433-46d2-9279-33332284e74f}</UniqueIdentifier>
    </Filter>
    <Filter Include="Arquitectura\Header">
      <UniqueIdentifier>{8ac4a3cc-cb17-4b7e-a3b8-075a221e95fc}</UniqueIdentifier>
    </Filter>
    <Filter Include="Arquitectura\Source">
      <UniqueIdentifier>{3212bad3-e130-4e45-a4b9-747fedee4bbf}</UniqueIdentifier>
    </Filter>
    <Filter Include="Mapa\Header">
      <UniqueIdentifier>{165c4cfb-2dcf-4170-a889-faae72ae7b04}</UniqueIdentifier>
    </Filter>
    <Filter Include="Mapa\Source">
      <UniqueIdentifier>{bcaa9c05-8de1-4ca5-a831-1f7637af8d79}</UniqueIdentifier>
    </Filter>
    <Filter Include="Enemigos\Header">
      <UniqueIdentifier>{e3d0fea9-9f6c-4a92-89a7-bdbe202e5d05}</UniqueIdentifier>
    </Filter>
    <Filter Include="Enemigos\Source">
      <UniqueIdentifier>{2c5fd701-abce-4e0f-9bc8-1fee64400b88}</UniqueIdentifier>
    </Filter>
    <Filter Include="Estados\Header">
      <UniqueIdentifier>{ae2d223a-6863-40dc-a8e7-87ad371a856a}</UniqueIdentifier>
    </Filter>
    <Filter Include="Prota\Header">
      <UniqueIdentifier>{0f24dd3d-dc31-436c-86d2-c3c0f2fe4a6d}</UniqueIdentifier>
    </Filter>
    <Filter Include="Prota\Source">
      <UniqueIdentifier>{19d51594-024d-4264-80f1-a35db2b99d8b}</UniqueIdentifier>
    </Filter>
    <Filter Include="RenderComponents">
      <UniqueIdentifier>{30f3e76e-08d6-4bb8-a697-2a98f3c34493}</UniqueIdentifier>
    </Filter>
    <Filter Include="UpdateComponent">
      <UniqueIdentifier>{f0619cc3-84dd-4bf9-832c-ca937ab87577}</UniqueIdentifier>
    </Filter>
    <Filter Include="InputComponent">
      <UniqueIdentifier>{6a08dab7-dae4-430a-ae35-f0c2fc06348e}</UniqueIdentifier>
    </Filter>
    <Filter Include="UpdateComponent\Header">
      <UniqueIdentifier>{b37120dd-9de4-4261-8fa8-bb440823e0a1}</UniqueIdentifier>
    </Filter>
    <Filter Include="UpdateComponent\Source">
      <UniqueIdentifier>{02283190-f1b0-4da4-b556-715e1491664a}</UniqueIdentifier>
    </Filter>
    <Filter Include="Includes">
      <UniqueIdentifier>{9c305cca-d9ed-4957-b6d3-519345f05685}</UniqueIdentifier>
    </Filter>
    <Filter Include="Managers">
      <UniqueIdentifier>{169fee36-3c74-411a-bc6d-6ceb98435fd2}</UniqueIdentifier>
    </Filter>
    <Filter Include="Managers\Header">
      <UniqueIdentifier>{96319c98-17b2-48e0-9b3e-5d7729358a4a}</UniqueIdentifier>
    </Filter>
    <Filter Include="Managers\Source">
      <UniqueIdentifier>{fb2f079d-3ef6-4266-accc-18582f5c0bbf}</UniqueIdentifier>
    </Filter>
    <Filter Include="Estados\Source">
      <UniqueIdentifier>{64be611b-66dc-47a5-ba24-c9045f904bdd}</UniqueIdentifier>
    </Filter>
    <Filter Include="Items">
      <UniqueIdentifier>{50d390ec-137c-4dde-a41c-bbf6f76c72a4}</UniqueIdentifier>
    </Filter>
    <Filter Include="Bosses">
      <UniqueIdentifier>{757650ac-ebf6-47e2-9c1d-8b20d63c0814}</UniqueIdentifier>
    </Filter>
    <Filter Include="Bosses\Boss1">
      <UniqueIdentifier>{8e5702e3-61dd-4b5f-91d6-ea4d21a27298}</UniqueIdentifier>
    </Filter>
    <Filter Include="Bosses\Boss2">
      <UniqueIdentifier>{1e4034ab-5fac-446d-977a-2d3c2cfdfbd7}</UniqueIdentifier>
    </Filter>
    <Filter Include="Bosses\WheelEnemy">
      <UniqueIdentifier>{6ffbd8e4-18be-412d-9a5c-a35d074c7038}</UniqueIdentifier>
    </Filter>
    <Filter Include="Bosses\Boss3">
      <UniqueIdentifier>{eac12731-2770-41b4-aaf9-13e804e0133c}</UniqueIdentifier>
    </Filter>
    <Filter Include="Bosses\Wave">
      <UniqueIdentifier>{ae306718-d2d7-415e-b011-444d250ab7b5}</UniqueIdentifier>
    </Filter>
  </ItemGroup>
  <ItemGroup>
    <ResourceCompile Include="HolaSDL.rc" />
  </ItemGroup>
  <ItemGroup>
    <Image Include="icon1.ico" />
  </ItemGroup>
</Project>