<?xml version="1.0" encoding="utf-8"?>
<Project ToolsVersion="4.0" xmlns="http://schemas.microsoft.com/developer/msbuild/2003">
  <ItemGroup>
    <ClCompile Include="main.cpp" />
    <ClCompile Include="Component.cpp">
      <Filter>Arquitectura\Source</Filter>
    </ClCompile>
    <ClCompile Include="ComponentContainer.cpp">
      <Filter>Arquitectura\Source</Filter>
    </ClCompile>
    <ClCompile Include="Font.cpp">
      <Filter>Arquitectura\Source</Filter>
    </ClCompile>
    <ClCompile Include="Game.cpp">
      <Filter>Arquitectura\Source</Filter>
    </ClCompile>
    <ClCompile Include="GameObject.cpp">
      <Filter>Arquitectura\Source</Filter>
    </ClCompile>
    <ClCompile Include="GameState.cpp">
      <Filter>Arquitectura\Source</Filter>
    </ClCompile>
    <ClCompile Include="GameStateMachine.cpp">
      <Filter>Arquitectura\Source</Filter>
    </ClCompile>
    <ClCompile Include="InputComponent.cpp">
      <Filter>Arquitectura\Source</Filter>
    </ClCompile>
    <ClCompile Include="RenderComponent.cpp">
      <Filter>Arquitectura\Source</Filter>
    </ClCompile>
    <ClCompile Include="Texture.cpp">
      <Filter>Arquitectura\Source</Filter>
    </ClCompile>
    <ClCompile Include="UpdateComponent.cpp">
      <Filter>Arquitectura\Source</Filter>
    </ClCompile>
    <ClCompile Include="Vector2D.cpp">
      <Filter>Arquitectura\Source</Filter>
    </ClCompile>
    <ClCompile Include="Camera.cpp">
      <Filter>Mapa\Source</Filter>
    </ClCompile>
    <ClCompile Include="DungeonGenerator.cpp">
      <Filter>Mapa\Source</Filter>
    </ClCompile>
    <ClCompile Include="LevelParser.cpp">
      <Filter>Mapa\Source</Filter>
    </ClCompile>
    <ClCompile Include="Room.cpp">
      <Filter>Mapa\Source</Filter>
    </ClCompile>
    <ClCompile Include="MainCharacter.cpp">
      <Filter>Prota\Source</Filter>
    </ClCompile>
    <ClCompile Include="PlayState.cpp">
      <Filter>Arquitectura\Source</Filter>
    </ClCompile>
    <ClCompile Include="MCMovementComponent.cpp">
      <Filter>Prota\Source</Filter>
    </ClCompile>
    <ClCompile Include="tinyxml2.cpp">
      <Filter>Arquitectura\Source</Filter>
    </ClCompile>
    <ClCompile Include="Layer.cpp">
      <Filter>Mapa\Source</Filter>
    </ClCompile>
    <ClCompile Include="Map.cpp">
      <Filter>Mapa\Source</Filter>
    </ClCompile>
    <ClCompile Include="Tileset.cpp">
      <Filter>Mapa\Source</Filter>
    </ClCompile>
    <ClCompile Include="TileLayer.cpp" />
    <ClCompile Include="Bullet.cpp">
      <Filter>Prota\Source</Filter>
    </ClCompile>
    <ClCompile Include="ResourceManager.cpp">
      <Filter>Arquitectura\Source</Filter>
    </ClCompile>
    <ClCompile Include="CameraMovementComponent.cpp">
      <Filter>Mapa\Source</Filter>
    </ClCompile>
    <ClCompile Include="ChaseComponent.cpp">
      <Filter>Enemies\Source</Filter>
    </ClCompile>
    <ClCompile Include="Enemy.cpp">
      <Filter>Enemies\Source</Filter>
    </ClCompile>
    <ClCompile Include="MouseIcon.cpp">
      <Filter>Arquitectura\Source</Filter>
    </ClCompile>
    <ClCompile Include="MCShotComponent.cpp">
      <Filter>Prota\Source</Filter>
    </ClCompile>
    <ClCompile Include="miniz.c" />
    <ClCompile Include="PlayStateObject.cpp">
      <Filter>Arquitectura\Source</Filter>
    </ClCompile>
    <ClCompile Include="GunnerComponent.cpp">
      <Filter>Enemies\Source</Filter>
    </ClCompile>
    <ClCompile Include="ExampleEnemy.cpp" />
    <ClCompile Include="Timer.cpp">
      <Filter>Utilities\Source</Filter>
    </ClCompile>
  </ItemGroup>
  <ItemGroup>
    <ClInclude Include="Component.h">
      <Filter>Arquitectura\Header</Filter>
    </ClInclude>
    <ClInclude Include="ComponentContainer.h">
      <Filter>Arquitectura\Header</Filter>
    </ClInclude>
    <ClInclude Include="Font.h">
      <Filter>Arquitectura\Header</Filter>
    </ClInclude>
    <ClInclude Include="Game.h">
      <Filter>Arquitectura\Header</Filter>
    </ClInclude>
    <ClInclude Include="GameObject.h">
      <Filter>Arquitectura\Header</Filter>
    </ClInclude>
    <ClInclude Include="GameState.h">
      <Filter>Arquitectura\Header</Filter>
    </ClInclude>
    <ClInclude Include="GameStateMachine.h">
      <Filter>Arquitectura\Header</Filter>
    </ClInclude>
    <ClInclude Include="InputComponent.h">
      <Filter>Arquitectura\Header</Filter>
    </ClInclude>
    <ClInclude Include="RenderComponent.h">
      <Filter>Arquitectura\Header</Filter>
    </ClInclude>
    <ClInclude Include="sdl_includes.h">
      <Filter>Arquitectura\Header</Filter>
    </ClInclude>
    <ClInclude Include="Texture.h">
      <Filter>Arquitectura\Header</Filter>
    </ClInclude>
    <ClInclude Include="Transform.h">
      <Filter>Arquitectura\Header</Filter>
    </ClInclude>
    <ClInclude Include="UpdateComponent.h">
      <Filter>Arquitectura\Header</Filter>
    </ClInclude>
    <ClInclude Include="Vector2D.h">
      <Filter>Arquitectura\Header</Filter>
    </ClInclude>
    <ClInclude Include="Camera.h">
      <Filter>Mapa\Header</Filter>
    </ClInclude>
    <ClInclude Include="DungeonGenerator.h">
      <Filter>Mapa\Header</Filter>
    </ClInclude>
    <ClInclude Include="LevelParser.h">
      <Filter>Mapa\Header</Filter>
    </ClInclude>
    <ClInclude Include="MainCharacter.h">
      <Filter>Prota\Header</Filter>
    </ClInclude>
    <ClInclude Include="PlayState.h">
      <Filter>Arquitectura\Header</Filter>
    </ClInclude>
    <ClInclude Include="MCMovementComponent.h">
      <Filter>Prota\Header</Filter>
    </ClInclude>
    <ClInclude Include="Layer.h">
      <Filter>Mapa\Header</Filter>
    </ClInclude>
    <ClInclude Include="Map.h">
      <Filter>Mapa\Header</Filter>
    </ClInclude>
    <ClInclude Include="Tileset.h">
      <Filter>Mapa\Header</Filter>
    </ClInclude>
    <ClInclude Include="TileLayer.h" />
    <ClInclude Include="Bullet.h">
      <Filter>Prota\Header</Filter>
    </ClInclude>
    <ClInclude Include="ResourceManager.h">
      <Filter>Arquitectura\Header</Filter>
    </ClInclude>
    <ClInclude Include="CameraMovementComponent.h">
      <Filter>Mapa\Header</Filter>
    </ClInclude>
    <ClInclude Include="ChaseComponent.h">
      <Filter>Enemies\Header</Filter>
    </ClInclude>
    <ClInclude Include="Enemy.h">
      <Filter>Enemies\Header</Filter>
    </ClInclude>
    <ClInclude Include="MouseIcon.h">
      <Filter>Arquitectura\Header</Filter>
    </ClInclude>
    <ClInclude Include="MCShotComponent.h">
      <Filter>Prota\Header</Filter>
    </ClInclude>
    <ClInclude Include="Room.h">
      <Filter>Mapa\Header</Filter>
    </ClInclude>
    <ClInclude Include="Base64.h" />
    <ClInclude Include="miniz.h" />
    <ClInclude Include="GunnerComponent.h">
      <Filter>Enemies\Header</Filter>
    </ClInclude>
    <ClInclude Include="ExampleEnemy.h">
      <Filter>Enemies\Header</Filter>
    </ClInclude>
    <ClInclude Include="PlayStateObject.h" />
    <ClInclude Include="Timer.h">
      <Filter>Utilities\Header</Filter>
    </ClInclude>
  </ItemGroup>
  <ItemGroup>
    <Filter Include="Arquitectura">
      <UniqueIdentifier>{d6a3efa5-81e5-4def-8aca-aad6f8cf1dc2}</UniqueIdentifier>
    </Filter>
    <Filter Include="Mapa">
      <UniqueIdentifier>{c3c49edb-2ae4-47d9-816d-a8ea1bc97adb}</UniqueIdentifier>
    </Filter>
    <Filter Include="Prota">
      <UniqueIdentifier>{73d54556-1d40-4a4a-82ae-d40a64738879}</UniqueIdentifier>
    </Filter>
    <Filter Include="Arquitectura\Header">
      <UniqueIdentifier>{d160a5bb-2692-49e0-a1d1-d1b48f238a0c}</UniqueIdentifier>
    </Filter>
    <Filter Include="Arquitectura\Source">
      <UniqueIdentifier>{1039041e-96ed-479a-b122-76beacf77bf8}</UniqueIdentifier>
    </Filter>
    <Filter Include="Mapa\Source">
      <UniqueIdentifier>{7b0095c0-e107-4391-828d-f95c624d4ed8}</UniqueIdentifier>
    </Filter>
    <Filter Include="Mapa\Header">
      <UniqueIdentifier>{c259f58e-56e1-42d9-a2c7-0baa4e8f5957}</UniqueIdentifier>
    </Filter>
    <Filter Include="Prota\Header">
      <UniqueIdentifier>{b129da87-196b-4ed7-8430-90fc747c3671}</UniqueIdentifier>
    </Filter>
    <Filter Include="Prota\Source">
      <UniqueIdentifier>{409cd437-ee28-466b-a1bc-3c0a6660a2f1}</UniqueIdentifier>
    </Filter>
    <Filter Include="Enemies">
      <UniqueIdentifier>{63306fae-f726-4ebb-b058-c033b3d161e6}</UniqueIdentifier>
    </Filter>
    <Filter Include="Enemies\Header">
      <UniqueIdentifier>{325a7307-5faa-4477-bc5d-ddbc70a2c193}</UniqueIdentifier>
    </Filter>
    <Filter Include="Enemies\Source">
      <UniqueIdentifier>{162c0ced-db2b-47e4-9481-ff4fd3fa2237}</UniqueIdentifier>
    </Filter>
    <Filter Include="Utilities">
      <UniqueIdentifier>{a8822e49-395c-425f-bf3f-0071cba6adba}</UniqueIdentifier>
    </Filter>
    <Filter Include="Utilities\Header">
      <UniqueIdentifier>{b3c75f2f-ce7f-498c-b41e-f4584e9f8655}</UniqueIdentifier>
    </Filter>
    <Filter Include="Utilities\Source">
      <UniqueIdentifier>{b8cc603b-1835-42d9-868b-ee1218cb876a}</UniqueIdentifier>
    </Filter>
  </ItemGroup>
</Project>