<?xml version="1.0" encoding="utf-8"?>
<Project ToolsVersion="4.0" xmlns="http://schemas.microsoft.com/developer/msbuild/2003">
  <ItemGroup>
    <Filter Include="Archivos de recursos">
      <UniqueIdentifier>{67DA6AB6-F800-4c08-8B7A-83BB121AAD01}</UniqueIdentifier>
      <Extensions>rc;ico;cur;bmp;dlg;rc2;rct;bin;rgs;gif;jpg;jpeg;jpe;resx;tiff;tif;png;wav;mfcribbon-ms</Extensions>
    </Filter>
    <Filter Include="Arquitectura">
      <UniqueIdentifier>{45a0107a-000a-4918-998e-3b5fc3c7643f}</UniqueIdentifier>
    </Filter>
    <Filter Include="MainCharacter">
      <UniqueIdentifier>{4b5d84dc-3792-4a78-8944-1f1870891989}</UniqueIdentifier>
    </Filter>
    <Filter Include="MainCharacter\Archivos de código fuente">
      <UniqueIdentifier>{4FC737F1-C7A5-4376-A066-2A32D752A2FF}</UniqueIdentifier>
      <Extensions>cpp;c;cc;cxx;def;odl;idl;hpj;bat;asm;asmx</Extensions>
    </Filter>
    <Filter Include="MainCharacter\Archivos de encabezado">
      <UniqueIdentifier>{93995380-89BD-4b04-88EB-625FBE52EBFB}</UniqueIdentifier>
      <Extensions>h;hh;hpp;hxx;hm;inl;inc;xsd</Extensions>
    </Filter>
    <Filter Include="Map">
      <UniqueIdentifier>{e609344e-c472-46b7-a21c-ecbd31aebaac}</UniqueIdentifier>
    </Filter>
    <Filter Include="Map\Archivos de código fuente">
      <UniqueIdentifier>{6a0e52b7-42f6-4ca9-b008-6a3cf9e46886}</UniqueIdentifier>
    </Filter>
    <Filter Include="Map\Archivos de encabezado">
      <UniqueIdentifier>{7b2274d8-6ea9-42a1-8e07-798a5708942f}</UniqueIdentifier>
    </Filter>
    <Filter Include="Arquitectura\Archivos de encabezado">
      <UniqueIdentifier>{4d98806b-e8c0-4a4f-a4e4-64773c578ecc}</UniqueIdentifier>
    </Filter>
    <Filter Include="Arquitectura\Archivos de código fuente">
      <UniqueIdentifier>{c9a91a17-7957-4bab-95f5-ce65455c5e3c}</UniqueIdentifier>
    </Filter>
  </ItemGroup>
  <ItemGroup>
    <ClCompile Include="GameObject.cpp">
      <Filter>Arquitectura\Archivos de código fuente</Filter>
    </ClCompile>
    <ClCompile Include="GameState.cpp">
      <Filter>Arquitectura\Archivos de código fuente</Filter>
    </ClCompile>
    <ClCompile Include="GameStateMachine.cpp">
      <Filter>Arquitectura\Archivos de código fuente</Filter>
    </ClCompile>
    <ClCompile Include="Texture.cpp">
      <Filter>Arquitectura\Archivos de código fuente</Filter>
    </ClCompile>
    <ClCompile Include="Vector2D.cpp">
      <Filter>Arquitectura\Archivos de código fuente</Filter>
    </ClCompile>
    <ClCompile Include="Font.cpp">
      <Filter>Arquitectura\Archivos de código fuente</Filter>
    </ClCompile>
    <ClCompile Include="Component.cpp">
      <Filter>Arquitectura\Archivos de código fuente</Filter>
    </ClCompile>
    <ClCompile Include="ComponentContainer.cpp">
      <Filter>Arquitectura\Archivos de código fuente</Filter>
    </ClCompile>
    <ClCompile Include="Camera.cpp">
      <Filter>MainCharacter\Archivos de código fuente</Filter>
    </ClCompile>
    <ClCompile Include="main.cpp" />
    <ClCompile Include="DungeonGenerator.cpp">
      <Filter>Map\Archivos de código fuente</Filter>
    </ClCompile>
    <ClCompile Include="Room.cpp">
      <Filter>Map\Archivos de código fuente</Filter>
    </ClCompile>
    <ClCompile Include="PlayState.cpp">
      <Filter>Arquitectura\Source Code Files</Filter>
    </ClCompile>
    <ClCompile Include="Game.cpp">
      <Filter>Arquitectura\Source Code Files</Filter>
    </ClCompile>
    <ClCompile Include="MainCharacter.cpp">
      <Filter>MainCharacter\Archivos de código fuente</Filter>
    </ClCompile>
  </ItemGroup>
  <ItemGroup>
    <ClInclude Include="GameObject.h">
      <Filter>Arquitectura\Archivos de encabezado</Filter>
    </ClInclude>
    <ClInclude Include="GameState.h">
      <Filter>Arquitectura\Archivos de encabezado</Filter>
    </ClInclude>
    <ClInclude Include="GameStateMachine.h">
      <Filter>Arquitectura\Archivos de encabezado</Filter>
    </ClInclude>
    <ClInclude Include="sdl_includes.h">
      <Filter>Arquitectura\Archivos de encabezado</Filter>
    </ClInclude>
    <ClInclude Include="Texture.h">
      <Filter>Arquitectura\Archivos de encabezado</Filter>
    </ClInclude>
    <ClInclude Include="Vector2D.h">
      <Filter>Arquitectura\Archivos de encabezado</Filter>
    </ClInclude>
    <ClInclude Include="Component.h">
      <Filter>Arquitectura\Archivos de encabezado</Filter>
    </ClInclude>
    <ClInclude Include="ComponentContainer.h">
      <Filter>Arquitectura\Archivos de encabezado</Filter>
    </ClInclude>
    <ClInclude Include="Transform.h">
      <Filter>Arquitectura\Archivos de encabezado</Filter>
    </ClInclude>
    <ClInclude Include="Camera.h">
      <Filter>MainCharacter\Archivos de encabezado</Filter>
    </ClInclude>
    <ClInclude Include="DungeonGenerator.h">
      <Filter>Map\Archivos de encabezado</Filter>
    </ClInclude>
    <ClInclude Include="Room.h">
      <Filter>Map\Archivos de encabezado</Filter>
    </ClInclude>
<<<<<<< HEAD
    <ClInclude Include="Font.h">
      <Filter>Arquitectura\Archivos de encabezado</Filter>
=======
    <ClInclude Include="PlayState.h">
      <Filter>Arquitectura\Header Files</Filter>
    </ClInclude>
    <ClInclude Include="Game.h">
      <Filter>Arquitectura\Header Files</Filter>
    </ClInclude>
    <ClInclude Include="MainCharacter.h">
      <Filter>MainCharacter\Archivos de encabezado</Filter>
>>>>>>> 14a38d56ae8bc49860e523789ece895d18c4a664
    </ClInclude>
  </ItemGroup>
</Project>